
Microsoft Visual Studio Solution File, Format Version 12.00
# Visual Studio Version 17
VisualStudioVersion = 17.8.34408.163
MinimumVisualStudioVersion = 10.0.40219.1
Project("{FAE04EC0-301F-11D3-BF4B-00C04F79EFBC}") = "modul4_1302220046", "modul4_1302220046\modul4_1302220046.csproj", "{5DD495AB-0DDA-4BC3-BD3A-51C16C5E47F5}"
EndProject
Global
	GlobalSection(SolutionConfigurationPlatforms) = preSolution
		Debug|Any CPU = Debug|Any CPU
		Release|Any CPU = Release|Any CPU
	EndGlobalSection
	GlobalSection(ProjectConfigurationPlatforms) = postSolution
		{5DD495AB-0DDA-4BC3-BD3A-51C16C5E47F5}.Debug|Any CPU.ActiveCfg = Debug|Any CPU
		{5DD495AB-0DDA-4BC3-BD3A-51C16C5E47F5}.Debug|Any CPU.Build.0 = Debug|Any CPU
		{5DD495AB-0DDA-4BC3-BD3A-51C16C5E47F5}.Release|Any CPU.ActiveCfg = Release|Any CPU
		{5DD495AB-0DDA-4BC3-BD3A-51C16C5E47F5}.Release|Any CPU.Build.0 = Release|Any CPU
	EndGlobalSection
	GlobalSection(SolutionProperties) = preSolution
		HideSolutionNode = FALSE
	EndGlobalSection
	GlobalSection(ExtensibilityGlobals) = postSolution
		SolutionGuid = {3BA0A8D8-723B-4501-BCFF-08F7DAC9BEE7}
	EndGlobalSection
EndGlobal
